
Microsoft Visual Studio Solution File, Format Version 12.00
# Visual Studio 15
VisualStudioVersion = 15.0.27428.2027
MinimumVisualStudioVersion = 10.0.40219.1
Project("{8BC9CEB8-8B4A-11D0-8D11-00A0C91BC942}") = "project01", "project01\project01.vcxproj", "{6AD6E3E7-2086-41D6-ADAF-C1CDF9396279}"
EndProject
Global
	GlobalSection(SolutionConfigurationPlatforms) = preSolution
		Debug|x64 = Debug|x64
		Debug|x86 = Debug|x86
		Release|x64 = Release|x64
		Release|x86 = Release|x86
	EndGlobalSection
	GlobalSection(ProjectConfigurationPlatforms) = postSolution
		{6AD6E3E7-2086-41D6-ADAF-C1CDF9396279}.Debug|x64.ActiveCfg = Debug|x64
		{6AD6E3E7-2086-41D6-ADAF-C1CDF9396279}.Debug|x64.Build.0 = Debug|x64
		{6AD6E3E7-2086-41D6-ADAF-C1CDF9396279}.Debug|x86.ActiveCfg = Debug|Win32
		{6AD6E3E7-2086-41D6-ADAF-C1CDF9396279}.Debug|x86.Build.0 = Debug|Win32
		{6AD6E3E7-2086-41D6-ADAF-C1CDF9396279}.Release|x64.ActiveCfg = Release|x64
		{6AD6E3E7-2086-41D6-ADAF-C1CDF9396279}.Release|x64.Build.0 = Release|x64
		{6AD6E3E7-2086-41D6-ADAF-C1CDF9396279}.Release|x86.ActiveCfg = Release|Win32
		{6AD6E3E7-2086-41D6-ADAF-C1CDF9396279}.Release|x86.Build.0 = Release|Win32
	EndGlobalSection
	GlobalSection(SolutionProperties) = preSolution
		HideSolutionNode = FALSE
	EndGlobalSection
	GlobalSection(ExtensibilityGlobals) = postSolution
		SolutionGuid = {25BB6B84-3307-4C9A-A2A6-20681E32CC5E}
	EndGlobalSection
EndGlobal
